
Microsoft Visual Studio Solution File, Format Version 12.00
# Visual Studio Version 16
VisualStudioVersion = 16.0.29728.190
MinimumVisualStudioVersion = 10.0.40219.1
Project("{FAE04EC0-301F-11D3-BF4B-00C04F79EFBC}") = "FoodBlogs", "FoodBlogs\FoodBlogs.csproj", "{0C4C72E6-23D3-4FDA-A9B8-8DE57955DD53}"
EndProject
Project("{00D1A9C2-B5F0-4AF3-8072-F6C62B433612}") = "FoodBlogDB", "FoodBlogDB\FoodBlogDB.sqlproj", "{C1EDD93E-B01C-4660-8A8E-4F332C16FE0F}"
EndProject
Global
	GlobalSection(SolutionConfigurationPlatforms) = preSolution
		Debug|Any CPU = Debug|Any CPU
		Release|Any CPU = Release|Any CPU
	EndGlobalSection
	GlobalSection(ProjectConfigurationPlatforms) = postSolution
		{0C4C72E6-23D3-4FDA-A9B8-8DE57955DD53}.Debug|Any CPU.ActiveCfg = Debug|Any CPU
		{0C4C72E6-23D3-4FDA-A9B8-8DE57955DD53}.Debug|Any CPU.Build.0 = Debug|Any CPU
		{0C4C72E6-23D3-4FDA-A9B8-8DE57955DD53}.Release|Any CPU.ActiveCfg = Release|Any CPU
		{0C4C72E6-23D3-4FDA-A9B8-8DE57955DD53}.Release|Any CPU.Build.0 = Release|Any CPU
		{C1EDD93E-B01C-4660-8A8E-4F332C16FE0F}.Debug|Any CPU.ActiveCfg = Debug|Any CPU
		{C1EDD93E-B01C-4660-8A8E-4F332C16FE0F}.Debug|Any CPU.Build.0 = Debug|Any CPU
		{C1EDD93E-B01C-4660-8A8E-4F332C16FE0F}.Debug|Any CPU.Deploy.0 = Debug|Any CPU
		{C1EDD93E-B01C-4660-8A8E-4F332C16FE0F}.Release|Any CPU.ActiveCfg = Release|Any CPU
		{C1EDD93E-B01C-4660-8A8E-4F332C16FE0F}.Release|Any CPU.Build.0 = Release|Any CPU
		{C1EDD93E-B01C-4660-8A8E-4F332C16FE0F}.Release|Any CPU.Deploy.0 = Release|Any CPU
	EndGlobalSection
	GlobalSection(SolutionProperties) = preSolution
		HideSolutionNode = FALSE
	EndGlobalSection
	GlobalSection(ExtensibilityGlobals) = postSolution
		SolutionGuid = {50B9A262-1FEA-496B-909F-A1E959E4FBB4}
	EndGlobalSection
EndGlobal
